// !$*UTF8*$!
{
	archiveVersion = 1;
	classes = {
	};
	objectVersion = 55;
	objects = {

/* Begin PBXBuildFile section */
		440279DD272ECDD000BF88B6 /* AppDelegate.swift in Sources */ = {isa = PBXBuildFile; fileRef = 440279DC272ECDD000BF88B6 /* AppDelegate.swift */; };
		440279DF272ECDD000BF88B6 /* SceneDelegate.swift in Sources */ = {isa = PBXBuildFile; fileRef = 440279DE272ECDD000BF88B6 /* SceneDelegate.swift */; };
		440279E1272ECDD000BF88B6 /* ViewController.swift in Sources */ = {isa = PBXBuildFile; fileRef = 440279E0272ECDD000BF88B6 /* ViewController.swift */; };
		440279E7272ECDD000BF88B6 /* Fetcher.xcdatamodeld in Sources */ = {isa = PBXBuildFile; fileRef = 440279E5272ECDD000BF88B6 /* Fetcher.xcdatamodeld */; };
		440279E9272ECDD200BF88B6 /* Assets.xcassets in Resources */ = {isa = PBXBuildFile; fileRef = 440279E8272ECDD200BF88B6 /* Assets.xcassets */; };
		440279EC272ECDD200BF88B6 /* LaunchScreen.storyboard in Resources */ = {isa = PBXBuildFile; fileRef = 440279EA272ECDD200BF88B6 /* LaunchScreen.storyboard */; };
		440279F7272ECDD200BF88B6 /* FetcherTests.swift in Sources */ = {isa = PBXBuildFile; fileRef = 440279F6272ECDD200BF88B6 /* FetcherTests.swift */; };
		44027A01272ECDD200BF88B6 /* FetcherUITests.swift in Sources */ = {isa = PBXBuildFile; fileRef = 44027A00272ECDD200BF88B6 /* FetcherUITests.swift */; };
		44027A03272ECDD200BF88B6 /* FetcherUITestsLaunchTests.swift in Sources */ = {isa = PBXBuildFile; fileRef = 44027A02272ECDD200BF88B6 /* FetcherUITestsLaunchTests.swift */; };
		44027A13272ECDFE00BF88B6 /* Constants.swift in Sources */ = {isa = PBXBuildFile; fileRef = 44027A12272ECDFE00BF88B6 /* Constants.swift */; };
		44027A16272ED1D200BF88B6 /* Coordinator.swift in Sources */ = {isa = PBXBuildFile; fileRef = 44027A15272ED1D200BF88B6 /* Coordinator.swift */; };
		44027A19272ED2FB00BF88B6 /* Coordinated.swift in Sources */ = {isa = PBXBuildFile; fileRef = 44027A18272ED2FB00BF88B6 /* Coordinated.swift */; };
		44027A1C272ED3B900BF88B6 /* HomeView.swift in Sources */ = {isa = PBXBuildFile; fileRef = 44027A1B272ED3B900BF88B6 /* HomeView.swift */; };
		44027A1E272ED3C100BF88B6 /* HomeViewModel.swift in Sources */ = {isa = PBXBuildFile; fileRef = 44027A1D272ED3C100BF88B6 /* HomeViewModel.swift */; };
		44027A20272ED3C700BF88B6 /* HomeViewController.swift in Sources */ = {isa = PBXBuildFile; fileRef = 44027A1F272ED3C700BF88B6 /* HomeViewController.swift */; };
		44027A24272ED8D200BF88B6 /* NetworkManager.swift in Sources */ = {isa = PBXBuildFile; fileRef = 44027A23272ED8D200BF88B6 /* NetworkManager.swift */; };
		44027A27272ED95800BF88B6 /* ImageCache.swift in Sources */ = {isa = PBXBuildFile; fileRef = 44027A26272ED95700BF88B6 /* ImageCache.swift */; };
		44027A29272EDA9500BF88B6 /* Paths.swift in Sources */ = {isa = PBXBuildFile; fileRef = 44027A28272EDA9500BF88B6 /* Paths.swift */; };
		44027A2C272EDAD100BF88B6 /* ResultVO.swift in Sources */ = {isa = PBXBuildFile; fileRef = 44027A2A272EDAD100BF88B6 /* ResultVO.swift */; };
		44027A2D272EDAD100BF88B6 /* ResultsVO.swift in Sources */ = {isa = PBXBuildFile; fileRef = 44027A2B272EDAD100BF88B6 /* ResultsVO.swift */; };
		4424183C272EE9FC007BB8AE /* MovieSearchService.swift in Sources */ = {isa = PBXBuildFile; fileRef = 4424183B272EE9FC007BB8AE /* MovieSearchService.swift */; };
		4424183E272EF56E007BB8AE /* NetworkCache.swift in Sources */ = {isa = PBXBuildFile; fileRef = 4424183D272EF56E007BB8AE /* NetworkCache.swift */; };
		44241840272EF78A007BB8AE /* BaseService.swift in Sources */ = {isa = PBXBuildFile; fileRef = 4424183F272EF78A007BB8AE /* BaseService.swift */; };
		44241843272F03B0007BB8AE /* SearchTableDelegate.swift in Sources */ = {isa = PBXBuildFile; fileRef = 44241842272F03B0007BB8AE /* SearchTableDelegate.swift */; };
		44241846272F11A1007BB8AE /* SearchResultCell.swift in Sources */ = {isa = PBXBuildFile; fileRef = 44241845272F11A1007BB8AE /* SearchResultCell.swift */; };
		44241848272F41CE007BB8AE /* MovieDetailsService.swift in Sources */ = {isa = PBXBuildFile; fileRef = 44241847272F41CE007BB8AE /* MovieDetailsService.swift */; };
		44241850272F438C007BB8AE /* ProductionCountry.swift in Sources */ = {isa = PBXBuildFile; fileRef = 4424184A272F438B007BB8AE /* ProductionCountry.swift */; };
		44241851272F438C007BB8AE /* ProductionCompany.swift in Sources */ = {isa = PBXBuildFile; fileRef = 4424184B272F438B007BB8AE /* ProductionCompany.swift */; };
		44241852272F438C007BB8AE /* SpokenLanguage.swift in Sources */ = {isa = PBXBuildFile; fileRef = 4424184C272F438B007BB8AE /* SpokenLanguage.swift */; };
		44241853272F438C007BB8AE /* MovieDetailsModel.swift in Sources */ = {isa = PBXBuildFile; fileRef = 4424184D272F438B007BB8AE /* MovieDetailsModel.swift */; };
		44241854272F438C007BB8AE /* Genre.swift in Sources */ = {isa = PBXBuildFile; fileRef = 4424184E272F438C007BB8AE /* Genre.swift */; };
		44241855272F438C007BB8AE /* BelongsToCollection.swift in Sources */ = {isa = PBXBuildFile; fileRef = 4424184F272F438C007BB8AE /* BelongsToCollection.swift */; };
		44B042F527320BD10025F896 /* MovieDetailsView.swift in Sources */ = {isa = PBXBuildFile; fileRef = 44B042F427320BD10025F896 /* MovieDetailsView.swift */; };
		44B042F727320BDC0025F896 /* MovieDetailsViewModel.swift in Sources */ = {isa = PBXBuildFile; fileRef = 44B042F627320BDC0025F896 /* MovieDetailsViewModel.swift */; };
		44B042F927320BE80025F896 /* MovieDetailsViewController.swift in Sources */ = {isa = PBXBuildFile; fileRef = 44B042F827320BE80025F896 /* MovieDetailsViewController.swift */; };
/* End PBXBuildFile section */

/* Begin PBXContainerItemProxy section */
		440279F3272ECDD200BF88B6 /* PBXContainerItemProxy */ = {
			isa = PBXContainerItemProxy;
			containerPortal = 440279D1272ECDD000BF88B6 /* Project object */;
			proxyType = 1;
			remoteGlobalIDString = 440279D8272ECDD000BF88B6;
			remoteInfo = Fetcher;
		};
		440279FD272ECDD200BF88B6 /* PBXContainerItemProxy */ = {
			isa = PBXContainerItemProxy;
			containerPortal = 440279D1272ECDD000BF88B6 /* Project object */;
			proxyType = 1;
			remoteGlobalIDString = 440279D8272ECDD000BF88B6;
			remoteInfo = Fetcher;
		};
/* End PBXContainerItemProxy section */

/* Begin PBXFileReference section */
		440279D9272ECDD000BF88B6 /* Fetcher.app */ = {isa = PBXFileReference; explicitFileType = wrapper.application; includeInIndex = 0; path = Fetcher.app; sourceTree = BUILT_PRODUCTS_DIR; };
		440279DC272ECDD000BF88B6 /* AppDelegate.swift */ = {isa = PBXFileReference; lastKnownFileType = sourcecode.swift; path = AppDelegate.swift; sourceTree = "<group>"; };
		440279DE272ECDD000BF88B6 /* SceneDelegate.swift */ = {isa = PBXFileReference; lastKnownFileType = sourcecode.swift; path = SceneDelegate.swift; sourceTree = "<group>"; };
		440279E0272ECDD000BF88B6 /* ViewController.swift */ = {isa = PBXFileReference; lastKnownFileType = sourcecode.swift; path = ViewController.swift; sourceTree = "<group>"; };
		440279E6272ECDD000BF88B6 /* Fetcher.xcdatamodel */ = {isa = PBXFileReference; lastKnownFileType = wrapper.xcdatamodel; path = Fetcher.xcdatamodel; sourceTree = "<group>"; };
		440279E8272ECDD200BF88B6 /* Assets.xcassets */ = {isa = PBXFileReference; lastKnownFileType = folder.assetcatalog; path = Assets.xcassets; sourceTree = "<group>"; };
		440279EB272ECDD200BF88B6 /* Base */ = {isa = PBXFileReference; lastKnownFileType = file.storyboard; name = Base; path = Base.lproj/LaunchScreen.storyboard; sourceTree = "<group>"; };
		440279ED272ECDD200BF88B6 /* Info.plist */ = {isa = PBXFileReference; lastKnownFileType = text.plist.xml; path = Info.plist; sourceTree = "<group>"; };
		440279F2272ECDD200BF88B6 /* FetcherTests.xctest */ = {isa = PBXFileReference; explicitFileType = wrapper.cfbundle; includeInIndex = 0; path = FetcherTests.xctest; sourceTree = BUILT_PRODUCTS_DIR; };
		440279F6272ECDD200BF88B6 /* FetcherTests.swift */ = {isa = PBXFileReference; lastKnownFileType = sourcecode.swift; path = FetcherTests.swift; sourceTree = "<group>"; };
		440279FC272ECDD200BF88B6 /* FetcherUITests.xctest */ = {isa = PBXFileReference; explicitFileType = wrapper.cfbundle; includeInIndex = 0; path = FetcherUITests.xctest; sourceTree = BUILT_PRODUCTS_DIR; };
		44027A00272ECDD200BF88B6 /* FetcherUITests.swift */ = {isa = PBXFileReference; lastKnownFileType = sourcecode.swift; path = FetcherUITests.swift; sourceTree = "<group>"; };
		44027A02272ECDD200BF88B6 /* FetcherUITestsLaunchTests.swift */ = {isa = PBXFileReference; lastKnownFileType = sourcecode.swift; path = FetcherUITestsLaunchTests.swift; sourceTree = "<group>"; };
		44027A12272ECDFE00BF88B6 /* Constants.swift */ = {isa = PBXFileReference; lastKnownFileType = sourcecode.swift; path = Constants.swift; sourceTree = "<group>"; };
		44027A15272ED1D200BF88B6 /* Coordinator.swift */ = {isa = PBXFileReference; lastKnownFileType = sourcecode.swift; path = Coordinator.swift; sourceTree = "<group>"; };
		44027A18272ED2FB00BF88B6 /* Coordinated.swift */ = {isa = PBXFileReference; lastKnownFileType = sourcecode.swift; path = Coordinated.swift; sourceTree = "<group>"; };
		44027A1B272ED3B900BF88B6 /* HomeView.swift */ = {isa = PBXFileReference; lastKnownFileType = sourcecode.swift; path = HomeView.swift; sourceTree = "<group>"; };
		44027A1D272ED3C100BF88B6 /* HomeViewModel.swift */ = {isa = PBXFileReference; lastKnownFileType = sourcecode.swift; path = HomeViewModel.swift; sourceTree = "<group>"; };
		44027A1F272ED3C700BF88B6 /* HomeViewController.swift */ = {isa = PBXFileReference; lastKnownFileType = sourcecode.swift; path = HomeViewController.swift; sourceTree = "<group>"; };
		44027A23272ED8D200BF88B6 /* NetworkManager.swift */ = {isa = PBXFileReference; lastKnownFileType = sourcecode.swift; path = NetworkManager.swift; sourceTree = "<group>"; };
		44027A26272ED95700BF88B6 /* ImageCache.swift */ = {isa = PBXFileReference; lastKnownFileType = sourcecode.swift; path = ImageCache.swift; sourceTree = "<group>"; };
		44027A28272EDA9500BF88B6 /* Paths.swift */ = {isa = PBXFileReference; lastKnownFileType = sourcecode.swift; path = Paths.swift; sourceTree = "<group>"; };
		44027A2A272EDAD100BF88B6 /* ResultVO.swift */ = {isa = PBXFileReference; fileEncoding = 4; lastKnownFileType = sourcecode.swift; path = ResultVO.swift; sourceTree = "<group>"; };
		44027A2B272EDAD100BF88B6 /* ResultsVO.swift */ = {isa = PBXFileReference; fileEncoding = 4; lastKnownFileType = sourcecode.swift; path = ResultsVO.swift; sourceTree = "<group>"; };
		4424183B272EE9FC007BB8AE /* MovieSearchService.swift */ = {isa = PBXFileReference; lastKnownFileType = sourcecode.swift; path = MovieSearchService.swift; sourceTree = "<group>"; };
		4424183D272EF56E007BB8AE /* NetworkCache.swift */ = {isa = PBXFileReference; lastKnownFileType = sourcecode.swift; path = NetworkCache.swift; sourceTree = "<group>"; };
		4424183F272EF78A007BB8AE /* BaseService.swift */ = {isa = PBXFileReference; lastKnownFileType = sourcecode.swift; path = BaseService.swift; sourceTree = "<group>"; };
		44241842272F03B0007BB8AE /* SearchTableDelegate.swift */ = {isa = PBXFileReference; lastKnownFileType = sourcecode.swift; path = SearchTableDelegate.swift; sourceTree = "<group>"; };
		44241845272F11A1007BB8AE /* SearchResultCell.swift */ = {isa = PBXFileReference; lastKnownFileType = sourcecode.swift; path = SearchResultCell.swift; sourceTree = "<group>"; };
		44241847272F41CE007BB8AE /* MovieDetailsService.swift */ = {isa = PBXFileReference; lastKnownFileType = sourcecode.swift; path = MovieDetailsService.swift; sourceTree = "<group>"; };
		4424184A272F438B007BB8AE /* ProductionCountry.swift */ = {isa = PBXFileReference; fileEncoding = 4; lastKnownFileType = sourcecode.swift; path = ProductionCountry.swift; sourceTree = "<group>"; };
		4424184B272F438B007BB8AE /* ProductionCompany.swift */ = {isa = PBXFileReference; fileEncoding = 4; lastKnownFileType = sourcecode.swift; path = ProductionCompany.swift; sourceTree = "<group>"; };
		4424184C272F438B007BB8AE /* SpokenLanguage.swift */ = {isa = PBXFileReference; fileEncoding = 4; lastKnownFileType = sourcecode.swift; path = SpokenLanguage.swift; sourceTree = "<group>"; };
		4424184D272F438B007BB8AE /* MovieDetailsModel.swift */ = {isa = PBXFileReference; fileEncoding = 4; lastKnownFileType = sourcecode.swift; path = MovieDetailsModel.swift; sourceTree = "<group>"; };
		4424184E272F438C007BB8AE /* Genre.swift */ = {isa = PBXFileReference; fileEncoding = 4; lastKnownFileType = sourcecode.swift; path = Genre.swift; sourceTree = "<group>"; };
		4424184F272F438C007BB8AE /* BelongsToCollection.swift */ = {isa = PBXFileReference; fileEncoding = 4; lastKnownFileType = sourcecode.swift; path = BelongsToCollection.swift; sourceTree = "<group>"; };
		44B042F427320BD10025F896 /* MovieDetailsView.swift */ = {isa = PBXFileReference; lastKnownFileType = sourcecode.swift; path = MovieDetailsView.swift; sourceTree = "<group>"; };
		44B042F627320BDC0025F896 /* MovieDetailsViewModel.swift */ = {isa = PBXFileReference; lastKnownFileType = sourcecode.swift; path = MovieDetailsViewModel.swift; sourceTree = "<group>"; };
		44B042F827320BE80025F896 /* MovieDetailsViewController.swift */ = {isa = PBXFileReference; lastKnownFileType = sourcecode.swift; path = MovieDetailsViewController.swift; sourceTree = "<group>"; };
/* End PBXFileReference section */

/* Begin PBXFrameworksBuildPhase section */
		440279D6272ECDD000BF88B6 /* Frameworks */ = {
			isa = PBXFrameworksBuildPhase;
			buildActionMask = 2147483647;
			files = (
			);
			runOnlyForDeploymentPostprocessing = 0;
		};
		440279EF272ECDD200BF88B6 /* Frameworks */ = {
			isa = PBXFrameworksBuildPhase;
			buildActionMask = 2147483647;
			files = (
			);
			runOnlyForDeploymentPostprocessing = 0;
		};
		440279F9272ECDD200BF88B6 /* Frameworks */ = {
			isa = PBXFrameworksBuildPhase;
			buildActionMask = 2147483647;
			files = (
			);
			runOnlyForDeploymentPostprocessing = 0;
		};
/* End PBXFrameworksBuildPhase section */

/* Begin PBXGroup section */
		440279D0272ECDD000BF88B6 = {
			isa = PBXGroup;
			children = (
				440279DB272ECDD000BF88B6 /* Fetcher */,
				440279F5272ECDD200BF88B6 /* FetcherTests */,
				440279FF272ECDD200BF88B6 /* FetcherUITests */,
				440279DA272ECDD000BF88B6 /* Products */,
			);
			sourceTree = "<group>";
		};
		440279DA272ECDD000BF88B6 /* Products */ = {
			isa = PBXGroup;
			children = (
				440279D9272ECDD000BF88B6 /* Fetcher.app */,
				440279F2272ECDD200BF88B6 /* FetcherTests.xctest */,
				440279FC272ECDD200BF88B6 /* FetcherUITests.xctest */,
			);
			name = Products;
			sourceTree = "<group>";
		};
		440279DB272ECDD000BF88B6 /* Fetcher */ = {
			isa = PBXGroup;
			children = (
				44027A10272ECDDE00BF88B6 /* Modules */,
				44027A0F272ECDD800BF88B6 /* General */,
				440279DC272ECDD000BF88B6 /* AppDelegate.swift */,
				440279DE272ECDD000BF88B6 /* SceneDelegate.swift */,
				440279E0272ECDD000BF88B6 /* ViewController.swift */,
				440279E8272ECDD200BF88B6 /* Assets.xcassets */,
				440279EA272ECDD200BF88B6 /* LaunchScreen.storyboard */,
				440279ED272ECDD200BF88B6 /* Info.plist */,
				440279E5272ECDD000BF88B6 /* Fetcher.xcdatamodeld */,
			);
			path = Fetcher;
			sourceTree = "<group>";
		};
		440279F5272ECDD200BF88B6 /* FetcherTests */ = {
			isa = PBXGroup;
			children = (
				440279F6272ECDD200BF88B6 /* FetcherTests.swift */,
			);
			path = FetcherTests;
			sourceTree = "<group>";
		};
		440279FF272ECDD200BF88B6 /* FetcherUITests */ = {
			isa = PBXGroup;
			children = (
				44027A00272ECDD200BF88B6 /* FetcherUITests.swift */,
				44027A02272ECDD200BF88B6 /* FetcherUITestsLaunchTests.swift */,
			);
			path = FetcherUITests;
			sourceTree = "<group>";
		};
		44027A0F272ECDD800BF88B6 /* General */ = {
			isa = PBXGroup;
			children = (
				44241844272F118C007BB8AE /* Cells */,
				44027A25272ED90D00BF88B6 /* Models */,
				44027A21272ED84B00BF88B6 /* Network */,
				44027A17272ED2F300BF88B6 /* AdditionalProtocols */,
				44027A14272ED1CA00BF88B6 /* Managers */,
				44027A11272ECDE400BF88B6 /* Constants */,
			);
			path = General;
			sourceTree = "<group>";
		};
		44027A10272ECDDE00BF88B6 /* Modules */ = {
			isa = PBXGroup;
			children = (
				44B042F327320BC10025F896 /* MovieDetailsModule */,
				44027A1A272ED3AE00BF88B6 /* HomeModule */,
			);
			path = Modules;
			sourceTree = "<group>";
		};
		44027A11272ECDE400BF88B6 /* Constants */ = {
			isa = PBXGroup;
			children = (
				44027A12272ECDFE00BF88B6 /* Constants.swift */,
				44027A28272EDA9500BF88B6 /* Paths.swift */,
			);
			path = Constants;
			sourceTree = "<group>";
		};
		44027A14272ED1CA00BF88B6 /* Managers */ = {
			isa = PBXGroup;
			children = (
				44027A15272ED1D200BF88B6 /* Coordinator.swift */,
				44027A26272ED95700BF88B6 /* ImageCache.swift */,
			);
			path = Managers;
			sourceTree = "<group>";
		};
		44027A17272ED2F300BF88B6 /* AdditionalProtocols */ = {
			isa = PBXGroup;
			children = (
				44027A18272ED2FB00BF88B6 /* Coordinated.swift */,
			);
			path = AdditionalProtocols;
			sourceTree = "<group>";
		};
		44027A1A272ED3AE00BF88B6 /* HomeModule */ = {
			isa = PBXGroup;
			children = (
				44241841272F03A4007BB8AE /* Delegates */,
				44027A1B272ED3B900BF88B6 /* HomeView.swift */,
				44027A1D272ED3C100BF88B6 /* HomeViewModel.swift */,
				44027A1F272ED3C700BF88B6 /* HomeViewController.swift */,
			);
			path = HomeModule;
			sourceTree = "<group>";
		};
		44027A21272ED84B00BF88B6 /* Network */ = {
			isa = PBXGroup;
			children = (
				44027A22272ED85C00BF88B6 /* Services */,
				44027A23272ED8D200BF88B6 /* NetworkManager.swift */,
				4424183D272EF56E007BB8AE /* NetworkCache.swift */,
			);
			path = Network;
			sourceTree = "<group>";
		};
		44027A22272ED85C00BF88B6 /* Services */ = {
			isa = PBXGroup;
			children = (
				4424183B272EE9FC007BB8AE /* MovieSearchService.swift */,
				44241847272F41CE007BB8AE /* MovieDetailsService.swift */,
				4424183F272EF78A007BB8AE /* BaseService.swift */,
			);
			path = Services;
			sourceTree = "<group>";
		};
		44027A25272ED90D00BF88B6 /* Models */ = {
			isa = PBXGroup;
			children = (
				44241849272F4383007BB8AE /* MovieDetails */,
				44027A2B272EDAD100BF88B6 /* ResultsVO.swift */,
				44027A2A272EDAD100BF88B6 /* ResultVO.swift */,
			);
			path = Models;
			sourceTree = "<group>";
		};
		44241841272F03A4007BB8AE /* Delegates */ = {
			isa = PBXGroup;
			children = (
				44241842272F03B0007BB8AE /* SearchTableDelegate.swift */,
			);
			path = Delegates;
			sourceTree = "<group>";
		};
		44241844272F118C007BB8AE /* Cells */ = {
			isa = PBXGroup;
			children = (
				44241845272F11A1007BB8AE /* SearchResultCell.swift */,
			);
			path = Cells;
			sourceTree = "<group>";
		};
		44241849272F4383007BB8AE /* MovieDetails */ = {
			isa = PBXGroup;
			children = (
				4424184F272F438C007BB8AE /* BelongsToCollection.swift */,
				4424184E272F438C007BB8AE /* Genre.swift */,
				4424184D272F438B007BB8AE /* MovieDetailsModel.swift */,
				4424184B272F438B007BB8AE /* ProductionCompany.swift */,
				4424184A272F438B007BB8AE /* ProductionCountry.swift */,
				4424184C272F438B007BB8AE /* SpokenLanguage.swift */,
			);
			path = MovieDetails;
			sourceTree = "<group>";
		};
		44B042F327320BC10025F896 /* MovieDetailsModule */ = {
			isa = PBXGroup;
			children = (
				44B042F427320BD10025F896 /* MovieDetailsView.swift */,
				44B042F627320BDC0025F896 /* MovieDetailsViewModel.swift */,
				44B042F827320BE80025F896 /* MovieDetailsViewController.swift */,
			);
			path = MovieDetailsModule;
			sourceTree = "<group>";
		};
/* End PBXGroup section */

/* Begin PBXNativeTarget section */
		440279D8272ECDD000BF88B6 /* Fetcher */ = {
			isa = PBXNativeTarget;
			buildConfigurationList = 44027A06272ECDD200BF88B6 /* Build configuration list for PBXNativeTarget "Fetcher" */;
			buildPhases = (
				440279D5272ECDD000BF88B6 /* Sources */,
				440279D6272ECDD000BF88B6 /* Frameworks */,
				440279D7272ECDD000BF88B6 /* Resources */,
			);
			buildRules = (
			);
			dependencies = (
			);
			name = Fetcher;
			productName = Fetcher;
			productReference = 440279D9272ECDD000BF88B6 /* Fetcher.app */;
			productType = "com.apple.product-type.application";
		};
		440279F1272ECDD200BF88B6 /* FetcherTests */ = {
			isa = PBXNativeTarget;
			buildConfigurationList = 44027A09272ECDD200BF88B6 /* Build configuration list for PBXNativeTarget "FetcherTests" */;
			buildPhases = (
				440279EE272ECDD200BF88B6 /* Sources */,
				440279EF272ECDD200BF88B6 /* Frameworks */,
				440279F0272ECDD200BF88B6 /* Resources */,
			);
			buildRules = (
			);
			dependencies = (
				440279F4272ECDD200BF88B6 /* PBXTargetDependency */,
			);
			name = FetcherTests;
			productName = FetcherTests;
			productReference = 440279F2272ECDD200BF88B6 /* FetcherTests.xctest */;
			productType = "com.apple.product-type.bundle.unit-test";
		};
		440279FB272ECDD200BF88B6 /* FetcherUITests */ = {
			isa = PBXNativeTarget;
			buildConfigurationList = 44027A0C272ECDD200BF88B6 /* Build configuration list for PBXNativeTarget "FetcherUITests" */;
			buildPhases = (
				440279F8272ECDD200BF88B6 /* Sources */,
				440279F9272ECDD200BF88B6 /* Frameworks */,
				440279FA272ECDD200BF88B6 /* Resources */,
			);
			buildRules = (
			);
			dependencies = (
				440279FE272ECDD200BF88B6 /* PBXTargetDependency */,
			);
			name = FetcherUITests;
			productName = FetcherUITests;
			productReference = 440279FC272ECDD200BF88B6 /* FetcherUITests.xctest */;
			productType = "com.apple.product-type.bundle.ui-testing";
		};
/* End PBXNativeTarget section */

/* Begin PBXProject section */
		440279D1272ECDD000BF88B6 /* Project object */ = {
			isa = PBXProject;
			attributes = {
				BuildIndependentTargetsInParallel = 1;
				LastSwiftUpdateCheck = 1300;
				LastUpgradeCheck = 1300;
				TargetAttributes = {
					440279D8272ECDD000BF88B6 = {
						CreatedOnToolsVersion = 13.0;
					};
					440279F1272ECDD200BF88B6 = {
						CreatedOnToolsVersion = 13.0;
						TestTargetID = 440279D8272ECDD000BF88B6;
					};
					440279FB272ECDD200BF88B6 = {
						CreatedOnToolsVersion = 13.0;
						TestTargetID = 440279D8272ECDD000BF88B6;
					};
				};
			};
			buildConfigurationList = 440279D4272ECDD000BF88B6 /* Build configuration list for PBXProject "Fetcher" */;
			compatibilityVersion = "Xcode 13.0";
			developmentRegion = en;
			hasScannedForEncodings = 0;
			knownRegions = (
				en,
				Base,
			);
			mainGroup = 440279D0272ECDD000BF88B6;
			productRefGroup = 440279DA272ECDD000BF88B6 /* Products */;
			projectDirPath = "";
			projectRoot = "";
			targets = (
				440279D8272ECDD000BF88B6 /* Fetcher */,
				440279F1272ECDD200BF88B6 /* FetcherTests */,
				440279FB272ECDD200BF88B6 /* FetcherUITests */,
			);
		};
/* End PBXProject section */

/* Begin PBXResourcesBuildPhase section */
		440279D7272ECDD000BF88B6 /* Resources */ = {
			isa = PBXResourcesBuildPhase;
			buildActionMask = 2147483647;
			files = (
				440279EC272ECDD200BF88B6 /* LaunchScreen.storyboard in Resources */,
				440279E9272ECDD200BF88B6 /* Assets.xcassets in Resources */,
			);
			runOnlyForDeploymentPostprocessing = 0;
		};
		440279F0272ECDD200BF88B6 /* Resources */ = {
			isa = PBXResourcesBuildPhase;
			buildActionMask = 2147483647;
			files = (
			);
			runOnlyForDeploymentPostprocessing = 0;
		};
		440279FA272ECDD200BF88B6 /* Resources */ = {
			isa = PBXResourcesBuildPhase;
			buildActionMask = 2147483647;
			files = (
			);
			runOnlyForDeploymentPostprocessing = 0;
		};
/* End PBXResourcesBuildPhase section */

/* Begin PBXSourcesBuildPhase section */
		440279D5272ECDD000BF88B6 /* Sources */ = {
			isa = PBXSourcesBuildPhase;
			buildActionMask = 2147483647;
			files = (
				44027A19272ED2FB00BF88B6 /* Coordinated.swift in Sources */,
				44241853272F438C007BB8AE /* MovieDetailsModel.swift in Sources */,
				44027A1E272ED3C100BF88B6 /* HomeViewModel.swift in Sources */,
				44027A13272ECDFE00BF88B6 /* Constants.swift in Sources */,
				44241852272F438C007BB8AE /* SpokenLanguage.swift in Sources */,
				440279E1272ECDD000BF88B6 /* ViewController.swift in Sources */,
				44027A2D272EDAD100BF88B6 /* ResultsVO.swift in Sources */,
				44241851272F438C007BB8AE /* ProductionCompany.swift in Sources */,
				44241843272F03B0007BB8AE /* SearchTableDelegate.swift in Sources */,
				44241854272F438C007BB8AE /* Genre.swift in Sources */,
				44241848272F41CE007BB8AE /* MovieDetailsService.swift in Sources */,
				44027A24272ED8D200BF88B6 /* NetworkManager.swift in Sources */,
				44027A16272ED1D200BF88B6 /* Coordinator.swift in Sources */,
				44027A27272ED95800BF88B6 /* ImageCache.swift in Sources */,
				44241840272EF78A007BB8AE /* BaseService.swift in Sources */,
				44B042F727320BDC0025F896 /* MovieDetailsViewModel.swift in Sources */,
				44027A2C272EDAD100BF88B6 /* ResultVO.swift in Sources */,
				44027A20272ED3C700BF88B6 /* HomeViewController.swift in Sources */,
				44241855272F438C007BB8AE /* BelongsToCollection.swift in Sources */,
				4424183C272EE9FC007BB8AE /* MovieSearchService.swift in Sources */,
				44B042F927320BE80025F896 /* MovieDetailsViewController.swift in Sources */,
				440279E7272ECDD000BF88B6 /* Fetcher.xcdatamodeld in Sources */,
				44241846272F11A1007BB8AE /* SearchResultCell.swift in Sources */,
				44027A1C272ED3B900BF88B6 /* HomeView.swift in Sources */,
				44B042F527320BD10025F896 /* MovieDetailsView.swift in Sources */,
				4424183E272EF56E007BB8AE /* NetworkCache.swift in Sources */,
				440279DD272ECDD000BF88B6 /* AppDelegate.swift in Sources */,
				44027A29272EDA9500BF88B6 /* Paths.swift in Sources */,
				440279DF272ECDD000BF88B6 /* SceneDelegate.swift in Sources */,
				44241850272F438C007BB8AE /* ProductionCountry.swift in Sources */,
			);
			runOnlyForDeploymentPostprocessing = 0;
		};
		440279EE272ECDD200BF88B6 /* Sources */ = {
			isa = PBXSourcesBuildPhase;
			buildActionMask = 2147483647;
			files = (
				440279F7272ECDD200BF88B6 /* FetcherTests.swift in Sources */,
			);
			runOnlyForDeploymentPostprocessing = 0;
		};
		440279F8272ECDD200BF88B6 /* Sources */ = {
			isa = PBXSourcesBuildPhase;
			buildActionMask = 2147483647;
			files = (
				44027A03272ECDD200BF88B6 /* FetcherUITestsLaunchTests.swift in Sources */,
				44027A01272ECDD200BF88B6 /* FetcherUITests.swift in Sources */,
			);
			runOnlyForDeploymentPostprocessing = 0;
		};
/* End PBXSourcesBuildPhase section */

/* Begin PBXTargetDependency section */
		440279F4272ECDD200BF88B6 /* PBXTargetDependency */ = {
			isa = PBXTargetDependency;
			target = 440279D8272ECDD000BF88B6 /* Fetcher */;
			targetProxy = 440279F3272ECDD200BF88B6 /* PBXContainerItemProxy */;
		};
		440279FE272ECDD200BF88B6 /* PBXTargetDependency */ = {
			isa = PBXTargetDependency;
			target = 440279D8272ECDD000BF88B6 /* Fetcher */;
			targetProxy = 440279FD272ECDD200BF88B6 /* PBXContainerItemProxy */;
		};
/* End PBXTargetDependency section */

/* Begin PBXVariantGroup section */
		440279EA272ECDD200BF88B6 /* LaunchScreen.storyboard */ = {
			isa = PBXVariantGroup;
			children = (
				440279EB272ECDD200BF88B6 /* Base */,
			);
			name = LaunchScreen.storyboard;
			sourceTree = "<group>";
		};
/* End PBXVariantGroup section */

/* Begin XCBuildConfiguration section */
		44027A04272ECDD200BF88B6 /* Debug */ = {
			isa = XCBuildConfiguration;
			buildSettings = {
				ALWAYS_SEARCH_USER_PATHS = NO;
				CLANG_ANALYZER_NONNULL = YES;
				CLANG_ANALYZER_NUMBER_OBJECT_CONVERSION = YES_AGGRESSIVE;
				CLANG_CXX_LANGUAGE_STANDARD = "gnu++17";
				CLANG_CXX_LIBRARY = "libc++";
				CLANG_ENABLE_MODULES = YES;
				CLANG_ENABLE_OBJC_ARC = YES;
				CLANG_ENABLE_OBJC_WEAK = YES;
				CLANG_WARN_BLOCK_CAPTURE_AUTORELEASING = YES;
				CLANG_WARN_BOOL_CONVERSION = YES;
				CLANG_WARN_COMMA = YES;
				CLANG_WARN_CONSTANT_CONVERSION = YES;
				CLANG_WARN_DEPRECATED_OBJC_IMPLEMENTATIONS = YES;
				CLANG_WARN_DIRECT_OBJC_ISA_USAGE = YES_ERROR;
				CLANG_WARN_DOCUMENTATION_COMMENTS = YES;
				CLANG_WARN_EMPTY_BODY = YES;
				CLANG_WARN_ENUM_CONVERSION = YES;
				CLANG_WARN_INFINITE_RECURSION = YES;
				CLANG_WARN_INT_CONVERSION = YES;
				CLANG_WARN_NON_LITERAL_NULL_CONVERSION = YES;
				CLANG_WARN_OBJC_IMPLICIT_RETAIN_SELF = YES;
				CLANG_WARN_OBJC_LITERAL_CONVERSION = YES;
				CLANG_WARN_OBJC_ROOT_CLASS = YES_ERROR;
				CLANG_WARN_QUOTED_INCLUDE_IN_FRAMEWORK_HEADER = YES;
				CLANG_WARN_RANGE_LOOP_ANALYSIS = YES;
				CLANG_WARN_STRICT_PROTOTYPES = YES;
				CLANG_WARN_SUSPICIOUS_MOVE = YES;
				CLANG_WARN_UNGUARDED_AVAILABILITY = YES_AGGRESSIVE;
				CLANG_WARN_UNREACHABLE_CODE = YES;
				CLANG_WARN__DUPLICATE_METHOD_MATCH = YES;
				COPY_PHASE_STRIP = NO;
				DEBUG_INFORMATION_FORMAT = dwarf;
				ENABLE_STRICT_OBJC_MSGSEND = YES;
				ENABLE_TESTABILITY = YES;
				GCC_C_LANGUAGE_STANDARD = gnu11;
				GCC_DYNAMIC_NO_PIC = NO;
				GCC_NO_COMMON_BLOCKS = YES;
				GCC_OPTIMIZATION_LEVEL = 0;
				GCC_PREPROCESSOR_DEFINITIONS = (
					"DEBUG=1",
					"$(inherited)",
				);
				GCC_WARN_64_TO_32_BIT_CONVERSION = YES;
				GCC_WARN_ABOUT_RETURN_TYPE = YES_ERROR;
				GCC_WARN_UNDECLARED_SELECTOR = YES;
				GCC_WARN_UNINITIALIZED_AUTOS = YES_AGGRESSIVE;
				GCC_WARN_UNUSED_FUNCTION = YES;
				GCC_WARN_UNUSED_VARIABLE = YES;
				IPHONEOS_DEPLOYMENT_TARGET = 15.0;
				MTL_ENABLE_DEBUG_INFO = INCLUDE_SOURCE;
				MTL_FAST_MATH = YES;
				ONLY_ACTIVE_ARCH = YES;
				SDKROOT = iphoneos;
				SWIFT_ACTIVE_COMPILATION_CONDITIONS = DEBUG;
				SWIFT_OPTIMIZATION_LEVEL = "-Onone";
			};
			name = Debug;
		};
		44027A05272ECDD200BF88B6 /* Release */ = {
			isa = XCBuildConfiguration;
			buildSettings = {
				ALWAYS_SEARCH_USER_PATHS = NO;
				CLANG_ANALYZER_NONNULL = YES;
				CLANG_ANALYZER_NUMBER_OBJECT_CONVERSION = YES_AGGRESSIVE;
				CLANG_CXX_LANGUAGE_STANDARD = "gnu++17";
				CLANG_CXX_LIBRARY = "libc++";
				CLANG_ENABLE_MODULES = YES;
				CLANG_ENABLE_OBJC_ARC = YES;
				CLANG_ENABLE_OBJC_WEAK = YES;
				CLANG_WARN_BLOCK_CAPTURE_AUTORELEASING = YES;
				CLANG_WARN_BOOL_CONVERSION = YES;
				CLANG_WARN_COMMA = YES;
				CLANG_WARN_CONSTANT_CONVERSION = YES;
				CLANG_WARN_DEPRECATED_OBJC_IMPLEMENTATIONS = YES;
				CLANG_WARN_DIRECT_OBJC_ISA_USAGE = YES_ERROR;
				CLANG_WARN_DOCUMENTATION_COMMENTS = YES;
				CLANG_WARN_EMPTY_BODY = YES;
				CLANG_WARN_ENUM_CONVERSION = YES;
				CLANG_WARN_INFINITE_RECURSION = YES;
				CLANG_WARN_INT_CONVERSION = YES;
				CLANG_WARN_NON_LITERAL_NULL_CONVERSION = YES;
				CLANG_WARN_OBJC_IMPLICIT_RETAIN_SELF = YES;
				CLANG_WARN_OBJC_LITERAL_CONVERSION = YES;
				CLANG_WARN_OBJC_ROOT_CLASS = YES_ERROR;
				CLANG_WARN_QUOTED_INCLUDE_IN_FRAMEWORK_HEADER = YES;
				CLANG_WARN_RANGE_LOOP_ANALYSIS = YES;
				CLANG_WARN_STRICT_PROTOTYPES = YES;
				CLANG_WARN_SUSPICIOUS_MOVE = YES;
				CLANG_WARN_UNGUARDED_AVAILABILITY = YES_AGGRESSIVE;
				CLANG_WARN_UNREACHABLE_CODE = YES;
				CLANG_WARN__DUPLICATE_METHOD_MATCH = YES;
				COPY_PHASE_STRIP = NO;
				DEBUG_INFORMATION_FORMAT = "dwarf-with-dsym";
				ENABLE_NS_ASSERTIONS = NO;
				ENABLE_STRICT_OBJC_MSGSEND = YES;
				GCC_C_LANGUAGE_STANDARD = gnu11;
				GCC_NO_COMMON_BLOCKS = YES;
				GCC_WARN_64_TO_32_BIT_CONVERSION = YES;
				GCC_WARN_ABOUT_RETURN_TYPE = YES_ERROR;
				GCC_WARN_UNDECLARED_SELECTOR = YES;
				GCC_WARN_UNINITIALIZED_AUTOS = YES_AGGRESSIVE;
				GCC_WARN_UNUSED_FUNCTION = YES;
				GCC_WARN_UNUSED_VARIABLE = YES;
				IPHONEOS_DEPLOYMENT_TARGET = 15.0;
				MTL_ENABLE_DEBUG_INFO = NO;
				MTL_FAST_MATH = YES;
				SDKROOT = iphoneos;
				SWIFT_COMPILATION_MODE = wholemodule;
				SWIFT_OPTIMIZATION_LEVEL = "-O";
				VALIDATE_PRODUCT = YES;
			};
			name = Release;
		};
		44027A07272ECDD200BF88B6 /* Debug */ = {
			isa = XCBuildConfiguration;
			buildSettings = {
				ASSETCATALOG_COMPILER_APPICON_NAME = AppIcon;
				ASSETCATALOG_COMPILER_GLOBAL_ACCENT_COLOR_NAME = AccentColor;
				CODE_SIGN_STYLE = Automatic;
				CURRENT_PROJECT_VERSION = 1;
				DEVELOPMENT_TEAM = 8NN27Z7TQR;
				GENERATE_INFOPLIST_FILE = YES;
				INFOPLIST_FILE = Fetcher/Info.plist;
				INFOPLIST_KEY_UIApplicationSupportsIndirectInputEvents = YES;
				INFOPLIST_KEY_UILaunchStoryboardName = LaunchScreen;
				INFOPLIST_KEY_UISupportedInterfaceOrientations_iPad = "UIInterfaceOrientationPortrait UIInterfaceOrientationPortraitUpsideDown UIInterfaceOrientationLandscapeLeft UIInterfaceOrientationLandscapeRight";
				INFOPLIST_KEY_UISupportedInterfaceOrientations_iPhone = "UIInterfaceOrientationPortrait UIInterfaceOrientationLandscapeLeft UIInterfaceOrientationLandscapeRight";
				LD_RUNPATH_SEARCH_PATHS = (
					"$(inherited)",
					"@executable_path/Frameworks",
				);
				MARKETING_VERSION = 1.0;
				PRODUCT_BUNDLE_IDENTIFIER = com.shalomfriss.Fetcher.Fetcher;
				PRODUCT_NAME = "$(TARGET_NAME)";
				SWIFT_EMIT_LOC_STRINGS = YES;
				SWIFT_VERSION = 5.0;
				TARGETED_DEVICE_FAMILY = "1,2";
			};
			name = Debug;
		};
		44027A08272ECDD200BF88B6 /* Release */ = {
			isa = XCBuildConfiguration;
			buildSettings = {
				ASSETCATALOG_COMPILER_APPICON_NAME = AppIcon;
				ASSETCATALOG_COMPILER_GLOBAL_ACCENT_COLOR_NAME = AccentColor;
				CODE_SIGN_STYLE = Automatic;
				CURRENT_PROJECT_VERSION = 1;
				DEVELOPMENT_TEAM = 8NN27Z7TQR;
				GENERATE_INFOPLIST_FILE = YES;
				INFOPLIST_FILE = Fetcher/Info.plist;
				INFOPLIST_KEY_UIApplicationSupportsIndirectInputEvents = YES;
				INFOPLIST_KEY_UILaunchStoryboardName = LaunchScreen;
				INFOPLIST_KEY_UISupportedInterfaceOrientations_iPad = "UIInterfaceOrientationPortrait UIInterfaceOrientationPortraitUpsideDown UIInterfaceOrientationLandscapeLeft UIInterfaceOrientationLandscapeRight";
				INFOPLIST_KEY_UISupportedInterfaceOrientations_iPhone = "UIInterfaceOrientationPortrait UIInterfaceOrientationLandscapeLeft UIInterfaceOrientationLandscapeRight";
				LD_RUNPATH_SEARCH_PATHS = (
					"$(inherited)",
					"@executable_path/Frameworks",
				);
				MARKETING_VERSION = 1.0;
				PRODUCT_BUNDLE_IDENTIFIER = com.shalomfriss.Fetcher.Fetcher;
				PRODUCT_NAME = "$(TARGET_NAME)";
				SWIFT_EMIT_LOC_STRINGS = YES;
				SWIFT_VERSION = 5.0;
				TARGETED_DEVICE_FAMILY = "1,2";
			};
			name = Release;
		};
		44027A0A272ECDD200BF88B6 /* Debug */ = {
			isa = XCBuildConfiguration;
			buildSettings = {
				ALWAYS_EMBED_SWIFT_STANDARD_LIBRARIES = YES;
				BUNDLE_LOADER = "$(TEST_HOST)";
				CODE_SIGN_STYLE = Automatic;
				CURRENT_PROJECT_VERSION = 1;
				DEVELOPMENT_TEAM = 8NN27Z7TQR;
				GENERATE_INFOPLIST_FILE = YES;
				IPHONEOS_DEPLOYMENT_TARGET = 15.0;
				LD_RUNPATH_SEARCH_PATHS = (
					"$(inherited)",
					"@executable_path/Frameworks",
					"@loader_path/Frameworks",
				);
				MARKETING_VERSION = 1.0;
				PRODUCT_BUNDLE_IDENTIFIER = com.shalomfriss.Fetcher.FetcherTests;
				PRODUCT_NAME = "$(TARGET_NAME)";
				SWIFT_EMIT_LOC_STRINGS = NO;
				SWIFT_VERSION = 5.0;
				TARGETED_DEVICE_FAMILY = "1,2";
				TEST_HOST = "$(BUILT_PRODUCTS_DIR)/Fetcher.app/Fetcher";
			};
			name = Debug;
		};
		44027A0B272ECDD200BF88B6 /* Release */ = {
			isa = XCBuildConfiguration;
			buildSettings = {
				ALWAYS_EMBED_SWIFT_STANDARD_LIBRARIES = YES;
				BUNDLE_LOADER = "$(TEST_HOST)";
				CODE_SIGN_STYLE = Automatic;
				CURRENT_PROJECT_VERSION = 1;
				DEVELOPMENT_TEAM = 8NN27Z7TQR;
				GENERATE_INFOPLIST_FILE = YES;
				IPHONEOS_DEPLOYMENT_TARGET = 15.0;
				LD_RUNPATH_SEARCH_PATHS = (
					"$(inherited)",
					"@executable_path/Frameworks",
					"@loader_path/Frameworks",
				);
				MARKETING_VERSION = 1.0;
				PRODUCT_BUNDLE_IDENTIFIER = com.shalomfriss.Fetcher.FetcherTests;
				PRODUCT_NAME = "$(TARGET_NAME)";
				SWIFT_EMIT_LOC_STRINGS = NO;
				SWIFT_VERSION = 5.0;
				TARGETED_DEVICE_FAMILY = "1,2";
				TEST_HOST = "$(BUILT_PRODUCTS_DIR)/Fetcher.app/Fetcher";
			};
			name = Release;
		};
		44027A0D272ECDD200BF88B6 /* Debug */ = {
			isa = XCBuildConfiguration;
			buildSettings = {
				ALWAYS_EMBED_SWIFT_STANDARD_LIBRARIES = YES;
				CODE_SIGN_STYLE = Automatic;
				CURRENT_PROJECT_VERSION = 1;
				DEVELOPMENT_TEAM = 8NN27Z7TQR;
				GENERATE_INFOPLIST_FILE = YES;
				LD_RUNPATH_SEARCH_PATHS = (
					"$(inherited)",
					"@executable_path/Frameworks",
					"@loader_path/Frameworks",
				);
				MARKETING_VERSION = 1.0;
				PRODUCT_BUNDLE_IDENTIFIER = com.shalomfriss.Fetcher.FetcherUITests;
				PRODUCT_NAME = "$(TARGET_NAME)";
				SWIFT_EMIT_LOC_STRINGS = NO;
				SWIFT_VERSION = 5.0;
				TARGETED_DEVICE_FAMILY = "1,2";
				TEST_TARGET_NAME = Fetcher;
			};
			name = Debug;
		};
		44027A0E272ECDD200BF88B6 /* Release */ = {
			isa = XCBuildConfiguration;
			buildSettings = {
				ALWAYS_EMBED_SWIFT_STANDARD_LIBRARIES = YES;
				CODE_SIGN_STYLE = Automatic;
				CURRENT_PROJECT_VERSION = 1;
				DEVELOPMENT_TEAM = 8NN27Z7TQR;
				GENERATE_INFOPLIST_FILE = YES;
				LD_RUNPATH_SEARCH_PATHS = (
					"$(inherited)",
					"@executable_path/Frameworks",
					"@loader_path/Frameworks",
				);
				MARKETING_VERSION = 1.0;
				PRODUCT_BUNDLE_IDENTIFIER = com.shalomfriss.Fetcher.FetcherUITests;
				PRODUCT_NAME = "$(TARGET_NAME)";
				SWIFT_EMIT_LOC_STRINGS = NO;
				SWIFT_VERSION = 5.0;
				TARGETED_DEVICE_FAMILY = "1,2";
				TEST_TARGET_NAME = Fetcher;
			};
			name = Release;
		};
/* End XCBuildConfiguration section */

/* Begin XCConfigurationList section */
		440279D4272ECDD000BF88B6 /* Build configuration list for PBXProject "Fetcher" */ = {
			isa = XCConfigurationList;
			buildConfigurations = (
				44027A04272ECDD200BF88B6 /* Debug */,
				44027A05272ECDD200BF88B6 /* Release */,
			);
			defaultConfigurationIsVisible = 0;
			defaultConfigurationName = Release;
		};
		44027A06272ECDD200BF88B6 /* Build configuration list for PBXNativeTarget "Fetcher" */ = {
			isa = XCConfigurationList;
			buildConfigurations = (
				44027A07272ECDD200BF88B6 /* Debug */,
				44027A08272ECDD200BF88B6 /* Release */,
			);
			defaultConfigurationIsVisible = 0;
			defaultConfigurationName = Release;
		};
		44027A09272ECDD200BF88B6 /* Build configuration list for PBXNativeTarget "FetcherTests" */ = {
			isa = XCConfigurationList;
			buildConfigurations = (
				44027A0A272ECDD200BF88B6 /* Debug */,
				44027A0B272ECDD200BF88B6 /* Release */,
			);
			defaultConfigurationIsVisible = 0;
			defaultConfigurationName = Release;
		};
		44027A0C272ECDD200BF88B6 /* Build configuration list for PBXNativeTarget "FetcherUITests" */ = {
			isa = XCConfigurationList;
			buildConfigurations = (
				44027A0D272ECDD200BF88B6 /* Debug */,
				44027A0E272ECDD200BF88B6 /* Release */,
			);
			defaultConfigurationIsVisible = 0;
			defaultConfigurationName = Release;
		};
/* End XCConfigurationList section */

/* Begin XCVersionGroup section */
		440279E5272ECDD000BF88B6 /* Fetcher.xcdatamodeld */ = {
			isa = XCVersionGroup;
			children = (
				440279E6272ECDD000BF88B6 /* Fetcher.xcdatamodel */,
			);
			currentVersion = 440279E6272ECDD000BF88B6 /* Fetcher.xcdatamodel */;
			path = Fetcher.xcdatamodeld;
			sourceTree = "<group>";
			versionGroupType = wrapper.xcdatamodel;
		};
/* End XCVersionGroup section */
	};
	rootObject = 440279D1272ECDD000BF88B6 /* Project object */;
}
